
Microsoft Visual Studio Solution File, Format Version 12.00
# Visual Studio Version 17
VisualStudioVersion = 17.10.35013.160
MinimumVisualStudioVersion = 10.0.40219.1
Project("{FAE04EC0-301F-11D3-BF4B-00C04F79EFBC}") = "TodosApi", "TodosApi\TodosApi.csproj", "{16F604C4-0DB7-4613-9FF7-81410BA6024D}"
EndProject
Global
	GlobalSection(SolutionConfigurationPlatforms) = preSolution
		Debug|Any CPU = Debug|Any CPU
		Release|Any CPU = Release|Any CPU
	EndGlobalSection
	GlobalSection(ProjectConfigurationPlatforms) = postSolution
		{16F604C4-0DB7-4613-9FF7-81410BA6024D}.Debug|Any CPU.ActiveCfg = Debug|Any CPU
		{16F604C4-0DB7-4613-9FF7-81410BA6024D}.Debug|Any CPU.Build.0 = Debug|Any CPU
		{16F604C4-0DB7-4613-9FF7-81410BA6024D}.Release|Any CPU.ActiveCfg = Release|Any CPU
		{16F604C4-0DB7-4613-9FF7-81410BA6024D}.Release|Any CPU.Build.0 = Release|Any CPU
	EndGlobalSection
	GlobalSection(SolutionProperties) = preSolution
		HideSolutionNode = FALSE
	EndGlobalSection
	GlobalSection(ExtensibilityGlobals) = postSolution
		SolutionGuid = {E3400900-41C3-451A-B75C-FD3ED3BA1D6E}
	EndGlobalSection
EndGlobal
